// !$*UTF8*$!
{
	archiveVersion = 1;
	classes = {
	};
	objectVersion = 56;
	objects = {

/* Begin PBXBuildFile section */
		0A16C5922BE4B9AF006E5308 /* SelectCategoryViewModel.swift in Sources */ = {isa = PBXBuildFile; fileRef = 0A16C5912BE4B9AF006E5308 /* SelectCategoryViewModel.swift */; };
		0A16C59D2BE4F1BD006E5308 /* RxAlamofire in Frameworks */ = {isa = PBXBuildFile; productRef = 0A16C59C2BE4F1BD006E5308 /* RxAlamofire */; };
		0A16C5A02BE4FB2E006E5308 /* YoutubeService.swift in Sources */ = {isa = PBXBuildFile; fileRef = 0A16C59F2BE4FB2E006E5308 /* YoutubeService.swift */; };
		0A16C5A22BE4FC66006E5308 /* YoutubeAPIKey.xcconfig in Resources */ = {isa = PBXBuildFile; fileRef = 0A16C5A12BE4FC66006E5308 /* YoutubeAPIKey.xcconfig */; };
		0A2FA9E92BDC81DB0065BDCF /* RecentWordCollectionViewCell.swift in Sources */ = {isa = PBXBuildFile; fileRef = 0A2FA9E82BDC81DB0065BDCF /* RecentWordCollectionViewCell.swift */; };
		0A2FA9EB2BDC8D8F0065BDCF /* UISegmentControl+Extension.swift in Sources */ = {isa = PBXBuildFile; fileRef = 0A2FA9EA2BDC8D8F0065BDCF /* UISegmentControl+Extension.swift */; };
		0AEAC2812BD7DE860071FCBC /* AppDelegate.swift in Sources */ = {isa = PBXBuildFile; fileRef = 0AEAC2802BD7DE860071FCBC /* AppDelegate.swift */; };
		0AEAC2832BD7DE860071FCBC /* SceneDelegate.swift in Sources */ = {isa = PBXBuildFile; fileRef = 0AEAC2822BD7DE860071FCBC /* SceneDelegate.swift */; };
		0AEAC2852BD7DE860071FCBC /* TabBarViewController.swift in Sources */ = {isa = PBXBuildFile; fileRef = 0AEAC2842BD7DE860071FCBC /* TabBarViewController.swift */; };
		0AEAC28A2BD7DE860071FCBC /* Assets.xcassets in Resources */ = {isa = PBXBuildFile; fileRef = 0AEAC2892BD7DE860071FCBC /* Assets.xcassets */; };
		0AEAC28D2BD7DE860071FCBC /* LaunchScreen.storyboard in Resources */ = {isa = PBXBuildFile; fileRef = 0AEAC28B2BD7DE860071FCBC /* LaunchScreen.storyboard */; };
		0AEAC2AA2BD8C9EE0071FCBC /* SignInViewController.swift in Sources */ = {isa = PBXBuildFile; fileRef = 0AEAC2A92BD8C9EE0071FCBC /* SignInViewController.swift */; };
		0AEAC2AD2BD8CA120071FCBC /* MyInfoViewController.swift in Sources */ = {isa = PBXBuildFile; fileRef = 0AEAC2AC2BD8CA120071FCBC /* MyInfoViewController.swift */; };
		0AEAC2AF2BD8CA2F0071FCBC /* MealViewController.swift in Sources */ = {isa = PBXBuildFile; fileRef = 0AEAC2AE2BD8CA2F0071FCBC /* MealViewController.swift */; };
		0AEAC2B12BD8CA3E0071FCBC /* MealEditViewController.swift in Sources */ = {isa = PBXBuildFile; fileRef = 0AEAC2B02BD8CA3E0071FCBC /* MealEditViewController.swift */; };
		0AEAC2B32BD8CA4B0071FCBC /* CategoryViewController.swift in Sources */ = {isa = PBXBuildFile; fileRef = 0AEAC2B22BD8CA4B0071FCBC /* CategoryViewController.swift */; };
		0AEAC2B52BD8CA5F0071FCBC /* CategoryEditViewController.swift in Sources */ = {isa = PBXBuildFile; fileRef = 0AEAC2B42BD8CA5F0071FCBC /* CategoryEditViewController.swift */; };
		0AEAC2B72BD8CA770071FCBC /* ExerciseViewController.swift in Sources */ = {isa = PBXBuildFile; fileRef = 0AEAC2B62BD8CA770071FCBC /* ExerciseViewController.swift */; };
		0AEAC2B92BD8CA890071FCBC /* ExerciseEditViewController.swift in Sources */ = {isa = PBXBuildFile; fileRef = 0AEAC2B82BD8CA890071FCBC /* ExerciseEditViewController.swift */; };
		0AEAC2BB2BD8CAB00071FCBC /* ExerciseSelectCategoryViewController.swift in Sources */ = {isa = PBXBuildFile; fileRef = 0AEAC2BA2BD8CAB00071FCBC /* ExerciseSelectCategoryViewController.swift */; };
		0AEAC2BD2BD8CAC10071FCBC /* SearchViewController.swift in Sources */ = {isa = PBXBuildFile; fileRef = 0AEAC2BC2BD8CAC10071FCBC /* SearchViewController.swift */; };
		0AEAC2C02BD8CC8F0071FCBC /* LINESeedKR-Rg.otf in Resources */ = {isa = PBXBuildFile; fileRef = 0AEAC2BE2BD8CC8F0071FCBC /* LINESeedKR-Rg.otf */; };
		0AEAC2C12BD8CC8F0071FCBC /* LINESeedKR-Bd.otf in Resources */ = {isa = PBXBuildFile; fileRef = 0AEAC2BF2BD8CC8F0071FCBC /* LINESeedKR-Bd.otf */; };
		0AEAC2C32BD8D00B0071FCBC /* UIColor+Extension.swift in Sources */ = {isa = PBXBuildFile; fileRef = 0AEAC2C22BD8D00B0071FCBC /* UIColor+Extension.swift */; };
		0AEAC2C52BD8D3510071FCBC /* UIFont+Extension.swift in Sources */ = {isa = PBXBuildFile; fileRef = 0AEAC2C42BD8D3510071FCBC /* UIFont+Extension.swift */; };
		0AEAC2C72BD8DDBE0071FCBC /* BaseViewController.swift in Sources */ = {isa = PBXBuildFile; fileRef = 0AEAC2C62BD8DDBE0071FCBC /* BaseViewController.swift */; };
		0AEAC2CA2BD8E00D0071FCBC /* SnapKit in Frameworks */ = {isa = PBXBuildFile; productRef = 0AEAC2C92BD8E00D0071FCBC /* SnapKit */; };
		0AEAC2CC2BD8E2C60071FCBC /* UILable+Extension.swift in Sources */ = {isa = PBXBuildFile; fileRef = 0AEAC2CB2BD8E2C60071FCBC /* UILable+Extension.swift */; };
		0AEAC2CE2BD8E49C0071FCBC /* UIView+Extension.swift in Sources */ = {isa = PBXBuildFile; fileRef = 0AEAC2CD2BD8E49C0071FCBC /* UIView+Extension.swift */; };
		0AEAC2D02BD8EACA0071FCBC /* Padding.swift in Sources */ = {isa = PBXBuildFile; fileRef = 0AEAC2CF2BD8EACA0071FCBC /* Padding.swift */; };
		0AEAC2D22BD8ED630071FCBC /* UITextField+Extension.swift in Sources */ = {isa = PBXBuildFile; fileRef = 0AEAC2D12BD8ED630071FCBC /* UITextField+Extension.swift */; };
		0AEAC2D42BD8EFCE0071FCBC /* UIButton+Extension.swift in Sources */ = {isa = PBXBuildFile; fileRef = 0AEAC2D32BD8EFCE0071FCBC /* UIButton+Extension.swift */; };
		0AEAC2D72BD8FC4E0071FCBC /* FSCalendar in Frameworks */ = {isa = PBXBuildFile; productRef = 0AEAC2D62BD8FC4E0071FCBC /* FSCalendar */; };
		0AEAC2D92BD902790071FCBC /* FSCalendarView+Extension.swift in Sources */ = {isa = PBXBuildFile; fileRef = 0AEAC2D82BD902790071FCBC /* FSCalendarView+Extension.swift */; };
		0AEAC2DB2BD9775D0071FCBC /* ComponentSize.swift in Sources */ = {isa = PBXBuildFile; fileRef = 0AEAC2DA2BD9775D0071FCBC /* ComponentSize.swift */; };
		0AEAC2DE2BD98E460071FCBC /* MealsDataTableViewCell.swift in Sources */ = {isa = PBXBuildFile; fileRef = 0AEAC2DD2BD98E460071FCBC /* MealsDataTableViewCell.swift */; };
		0AEAC2E02BDA0ED40071FCBC /* TabBarOption.swift in Sources */ = {isa = PBXBuildFile; fileRef = 0AEAC2DF2BDA0ED40071FCBC /* TabBarOption.swift */; };
		0AEAC2E32BDA27260071FCBC /* CategoryCollectionViewCell.swift in Sources */ = {isa = PBXBuildFile; fileRef = 0AEAC2E22BDA27260071FCBC /* CategoryCollectionViewCell.swift */; };
		0AEAC2E62BDA51D30071FCBC /* ExerciseTableViewCell.swift in Sources */ = {isa = PBXBuildFile; fileRef = 0AEAC2E52BDA51D30071FCBC /* ExerciseTableViewCell.swift */; };
		0AEAC2EE2BDAC1040071FCBC /* ExerciseSelectCategoryTableViewCell.swift in Sources */ = {isa = PBXBuildFile; fileRef = 0AEAC2ED2BDAC1040071FCBC /* ExerciseSelectCategoryTableViewCell.swift */; };
		0AEAC2F12BDE202E0071FCBC /* Realm in Frameworks */ = {isa = PBXBuildFile; productRef = 0AEAC2F02BDE202E0071FCBC /* Realm */; };
		0AEAC2F32BDE202E0071FCBC /* RealmSwift in Frameworks */ = {isa = PBXBuildFile; productRef = 0AEAC2F22BDE202E0071FCBC /* RealmSwift */; };
		0AEAC2F62BDE20B70071FCBC /* Meal.swift in Sources */ = {isa = PBXBuildFile; fileRef = 0AEAC2F52BDE20B70071FCBC /* Meal.swift */; };
		0AEAC2F82BDE21D70071FCBC /* MyInfo.swift in Sources */ = {isa = PBXBuildFile; fileRef = 0AEAC2F72BDE21D70071FCBC /* MyInfo.swift */; };
		0AEAC2FA2BDE222A0071FCBC /* Category.swift in Sources */ = {isa = PBXBuildFile; fileRef = 0AEAC2F92BDE222A0071FCBC /* Category.swift */; };
		0AEAC2FC2BDE23CE0071FCBC /* Exercise.swift in Sources */ = {isa = PBXBuildFile; fileRef = 0AEAC2FB2BDE23CE0071FCBC /* Exercise.swift */; };
		0AEAC2FE2BDE24300071FCBC /* RealmManager.swift in Sources */ = {isa = PBXBuildFile; fileRef = 0AEAC2FD2BDE24300071FCBC /* RealmManager.swift */; };
		0AEAC3002BDE26A20071FCBC /* MealManager.swift in Sources */ = {isa = PBXBuildFile; fileRef = 0AEAC2FF2BDE26A20071FCBC /* MealManager.swift */; };
		0AEAC3022BDE28300071FCBC /* MyInfoManager.swift in Sources */ = {isa = PBXBuildFile; fileRef = 0AEAC3012BDE28300071FCBC /* MyInfoManager.swift */; };
		0AEAC3042BDE2CFA0071FCBC /* CategoryManager.swift in Sources */ = {isa = PBXBuildFile; fileRef = 0AEAC3032BDE2CFA0071FCBC /* CategoryManager.swift */; };
		0AEAC3062BDE303C0071FCBC /* ExerciseManager.swift in Sources */ = {isa = PBXBuildFile; fileRef = 0AEAC3052BDE303C0071FCBC /* ExerciseManager.swift */; };
		0AEAC30A2BDE38140071FCBC /* RxCocoa in Frameworks */ = {isa = PBXBuildFile; productRef = 0AEAC3092BDE38140071FCBC /* RxCocoa */; };
		0AEAC30C2BDE38140071FCBC /* RxSwift in Frameworks */ = {isa = PBXBuildFile; productRef = 0AEAC30B2BDE38140071FCBC /* RxSwift */; };
		0AEAC30E2BDE39320071FCBC /* SignInViewModel.swift in Sources */ = {isa = PBXBuildFile; fileRef = 0AEAC30D2BDE39320071FCBC /* SignInViewModel.swift */; };
		0AEAC3122BDE6EC10071FCBC /* UserInfoManager.swift in Sources */ = {isa = PBXBuildFile; fileRef = 0AEAC3112BDE6EC10071FCBC /* UserInfoManager.swift */; };
		0AEAC3142BDE96F60071FCBC /* MyInfoViewModel.swift in Sources */ = {isa = PBXBuildFile; fileRef = 0AEAC3132BDE96F60071FCBC /* MyInfoViewModel.swift */; };
		0AEAC3162BDF8C1C0071FCBC /* SaveMyInfoViewController.swift in Sources */ = {isa = PBXBuildFile; fileRef = 0AEAC3152BDF8C1C0071FCBC /* SaveMyInfoViewController.swift */; };
		0AEAC3182BDF95780071FCBC /* DateFormmater+Extension.swift in Sources */ = {isa = PBXBuildFile; fileRef = 0AEAC3172BDF95780071FCBC /* DateFormmater+Extension.swift */; };
		0AEAC31A2BDFA7E00071FCBC /* SaveMyInfoViewModel.swift in Sources */ = {isa = PBXBuildFile; fileRef = 0AEAC3192BDFA7E00071FCBC /* SaveMyInfoViewModel.swift */; };
		0AEAC31C2BE09FA30071FCBC /* MealEditViewModel.swift in Sources */ = {isa = PBXBuildFile; fileRef = 0AEAC31B2BE09FA30071FCBC /* MealEditViewModel.swift */; };
		0AEAC31E2BE0AD4D0071FCBC /* ImageFileManager.swift in Sources */ = {isa = PBXBuildFile; fileRef = 0AEAC31D2BE0AD4D0071FCBC /* ImageFileManager.swift */; };
		0AEAC3202BE0D9D90071FCBC /* MealViewModel.swift in Sources */ = {isa = PBXBuildFile; fileRef = 0AEAC31F2BE0D9D90071FCBC /* MealViewModel.swift */; };
		0AEAC3242BE1CD8C0071FCBC /* MealEditView.swift in Sources */ = {isa = PBXBuildFile; fileRef = 0AEAC3232BE1CD8C0071FCBC /* MealEditView.swift */; };
		0AEAC3262BE1D96A0071FCBC /* MealCreateEditViewController.swift in Sources */ = {isa = PBXBuildFile; fileRef = 0AEAC3252BE1D96A0071FCBC /* MealCreateEditViewController.swift */; };
		0AEAC3282BE1E0240071FCBC /* MealReadAndModifyEditViewController.swift in Sources */ = {isa = PBXBuildFile; fileRef = 0AEAC3272BE1E0240071FCBC /* MealReadAndModifyEditViewController.swift */; };
		0AEAC32A2BE212360071FCBC /* CategoryViewModel.swift in Sources */ = {isa = PBXBuildFile; fileRef = 0AEAC3292BE212360071FCBC /* CategoryViewModel.swift */; };
		0AEAC32C2BE35E7B0071FCBC /* ExerciseEditViewModel.swift in Sources */ = {isa = PBXBuildFile; fileRef = 0AEAC32B2BE35E7B0071FCBC /* ExerciseEditViewModel.swift */; };
/* End PBXBuildFile section */

/* Begin PBXFileReference section */
		0A16C5912BE4B9AF006E5308 /* SelectCategoryViewModel.swift */ = {isa = PBXFileReference; lastKnownFileType = sourcecode.swift; path = SelectCategoryViewModel.swift; sourceTree = "<group>"; };
		0A16C59F2BE4FB2E006E5308 /* YoutubeService.swift */ = {isa = PBXFileReference; lastKnownFileType = sourcecode.swift; path = YoutubeService.swift; sourceTree = "<group>"; };
		0A16C5A12BE4FC66006E5308 /* YoutubeAPIKey.xcconfig */ = {isa = PBXFileReference; fileEncoding = 4; lastKnownFileType = text.xcconfig; path = YoutubeAPIKey.xcconfig; sourceTree = "<group>"; };
		0A2FA9E82BDC81DB0065BDCF /* RecentWordCollectionViewCell.swift */ = {isa = PBXFileReference; lastKnownFileType = sourcecode.swift; path = RecentWordCollectionViewCell.swift; sourceTree = "<group>"; };
		0A2FA9EA2BDC8D8F0065BDCF /* UISegmentControl+Extension.swift */ = {isa = PBXFileReference; lastKnownFileType = sourcecode.swift; path = "UISegmentControl+Extension.swift"; sourceTree = "<group>"; };
		0AEAC27D2BD7DE860071FCBC /* DietLog-MVVM.app */ = {isa = PBXFileReference; explicitFileType = wrapper.application; includeInIndex = 0; path = "DietLog-MVVM.app"; sourceTree = BUILT_PRODUCTS_DIR; };
		0AEAC2802BD7DE860071FCBC /* AppDelegate.swift */ = {isa = PBXFileReference; lastKnownFileType = sourcecode.swift; path = AppDelegate.swift; sourceTree = "<group>"; };
		0AEAC2822BD7DE860071FCBC /* SceneDelegate.swift */ = {isa = PBXFileReference; lastKnownFileType = sourcecode.swift; path = SceneDelegate.swift; sourceTree = "<group>"; };
		0AEAC2842BD7DE860071FCBC /* TabBarViewController.swift */ = {isa = PBXFileReference; lastKnownFileType = sourcecode.swift; path = TabBarViewController.swift; sourceTree = "<group>"; };
		0AEAC2892BD7DE860071FCBC /* Assets.xcassets */ = {isa = PBXFileReference; lastKnownFileType = folder.assetcatalog; path = Assets.xcassets; sourceTree = "<group>"; };
		0AEAC28C2BD7DE860071FCBC /* Base */ = {isa = PBXFileReference; lastKnownFileType = file.storyboard; name = Base; path = Base.lproj/LaunchScreen.storyboard; sourceTree = "<group>"; };
		0AEAC28E2BD7DE860071FCBC /* Info.plist */ = {isa = PBXFileReference; lastKnownFileType = text.plist.xml; path = Info.plist; sourceTree = "<group>"; };
		0AEAC2A92BD8C9EE0071FCBC /* SignInViewController.swift */ = {isa = PBXFileReference; lastKnownFileType = sourcecode.swift; path = SignInViewController.swift; sourceTree = "<group>"; };
		0AEAC2AC2BD8CA120071FCBC /* MyInfoViewController.swift */ = {isa = PBXFileReference; lastKnownFileType = sourcecode.swift; path = MyInfoViewController.swift; sourceTree = "<group>"; };
		0AEAC2AE2BD8CA2F0071FCBC /* MealViewController.swift */ = {isa = PBXFileReference; lastKnownFileType = sourcecode.swift; path = MealViewController.swift; sourceTree = "<group>"; };
		0AEAC2B02BD8CA3E0071FCBC /* MealEditViewController.swift */ = {isa = PBXFileReference; lastKnownFileType = sourcecode.swift; path = MealEditViewController.swift; sourceTree = "<group>"; };
		0AEAC2B22BD8CA4B0071FCBC /* CategoryViewController.swift */ = {isa = PBXFileReference; lastKnownFileType = sourcecode.swift; path = CategoryViewController.swift; sourceTree = "<group>"; };
		0AEAC2B42BD8CA5F0071FCBC /* CategoryEditViewController.swift */ = {isa = PBXFileReference; lastKnownFileType = sourcecode.swift; path = CategoryEditViewController.swift; sourceTree = "<group>"; };
		0AEAC2B62BD8CA770071FCBC /* ExerciseViewController.swift */ = {isa = PBXFileReference; lastKnownFileType = sourcecode.swift; path = ExerciseViewController.swift; sourceTree = "<group>"; };
		0AEAC2B82BD8CA890071FCBC /* ExerciseEditViewController.swift */ = {isa = PBXFileReference; lastKnownFileType = sourcecode.swift; path = ExerciseEditViewController.swift; sourceTree = "<group>"; };
		0AEAC2BA2BD8CAB00071FCBC /* ExerciseSelectCategoryViewController.swift */ = {isa = PBXFileReference; lastKnownFileType = sourcecode.swift; path = ExerciseSelectCategoryViewController.swift; sourceTree = "<group>"; };
		0AEAC2BC2BD8CAC10071FCBC /* SearchViewController.swift */ = {isa = PBXFileReference; lastKnownFileType = sourcecode.swift; path = SearchViewController.swift; sourceTree = "<group>"; };
		0AEAC2BE2BD8CC8F0071FCBC /* LINESeedKR-Rg.otf */ = {isa = PBXFileReference; lastKnownFileType = file; path = "LINESeedKR-Rg.otf"; sourceTree = "<group>"; };
		0AEAC2BF2BD8CC8F0071FCBC /* LINESeedKR-Bd.otf */ = {isa = PBXFileReference; lastKnownFileType = file; path = "LINESeedKR-Bd.otf"; sourceTree = "<group>"; };
		0AEAC2C22BD8D00B0071FCBC /* UIColor+Extension.swift */ = {isa = PBXFileReference; lastKnownFileType = sourcecode.swift; path = "UIColor+Extension.swift"; sourceTree = "<group>"; };
		0AEAC2C42BD8D3510071FCBC /* UIFont+Extension.swift */ = {isa = PBXFileReference; lastKnownFileType = sourcecode.swift; path = "UIFont+Extension.swift"; sourceTree = "<group>"; };
		0AEAC2C62BD8DDBE0071FCBC /* BaseViewController.swift */ = {isa = PBXFileReference; lastKnownFileType = sourcecode.swift; path = BaseViewController.swift; sourceTree = "<group>"; };
		0AEAC2CB2BD8E2C60071FCBC /* UILable+Extension.swift */ = {isa = PBXFileReference; lastKnownFileType = sourcecode.swift; path = "UILable+Extension.swift"; sourceTree = "<group>"; };
		0AEAC2CD2BD8E49C0071FCBC /* UIView+Extension.swift */ = {isa = PBXFileReference; lastKnownFileType = sourcecode.swift; path = "UIView+Extension.swift"; sourceTree = "<group>"; };
		0AEAC2CF2BD8EACA0071FCBC /* Padding.swift */ = {isa = PBXFileReference; lastKnownFileType = sourcecode.swift; path = Padding.swift; sourceTree = "<group>"; };
		0AEAC2D12BD8ED630071FCBC /* UITextField+Extension.swift */ = {isa = PBXFileReference; lastKnownFileType = sourcecode.swift; path = "UITextField+Extension.swift"; sourceTree = "<group>"; };
		0AEAC2D32BD8EFCE0071FCBC /* UIButton+Extension.swift */ = {isa = PBXFileReference; lastKnownFileType = sourcecode.swift; path = "UIButton+Extension.swift"; sourceTree = "<group>"; };
		0AEAC2D82BD902790071FCBC /* FSCalendarView+Extension.swift */ = {isa = PBXFileReference; lastKnownFileType = sourcecode.swift; path = "FSCalendarView+Extension.swift"; sourceTree = "<group>"; };
		0AEAC2DA2BD9775D0071FCBC /* ComponentSize.swift */ = {isa = PBXFileReference; lastKnownFileType = sourcecode.swift; path = ComponentSize.swift; sourceTree = "<group>"; };
		0AEAC2DD2BD98E460071FCBC /* MealsDataTableViewCell.swift */ = {isa = PBXFileReference; lastKnownFileType = sourcecode.swift; path = MealsDataTableViewCell.swift; sourceTree = "<group>"; };
		0AEAC2DF2BDA0ED40071FCBC /* TabBarOption.swift */ = {isa = PBXFileReference; lastKnownFileType = sourcecode.swift; path = TabBarOption.swift; sourceTree = "<group>"; };
		0AEAC2E22BDA27260071FCBC /* CategoryCollectionViewCell.swift */ = {isa = PBXFileReference; lastKnownFileType = sourcecode.swift; path = CategoryCollectionViewCell.swift; sourceTree = "<group>"; };
		0AEAC2E52BDA51D30071FCBC /* ExerciseTableViewCell.swift */ = {isa = PBXFileReference; lastKnownFileType = sourcecode.swift; path = ExerciseTableViewCell.swift; sourceTree = "<group>"; };
		0AEAC2ED2BDAC1040071FCBC /* ExerciseSelectCategoryTableViewCell.swift */ = {isa = PBXFileReference; lastKnownFileType = sourcecode.swift; path = ExerciseSelectCategoryTableViewCell.swift; sourceTree = "<group>"; };
		0AEAC2F52BDE20B70071FCBC /* Meal.swift */ = {isa = PBXFileReference; lastKnownFileType = sourcecode.swift; path = Meal.swift; sourceTree = "<group>"; };
		0AEAC2F72BDE21D70071FCBC /* MyInfo.swift */ = {isa = PBXFileReference; lastKnownFileType = sourcecode.swift; path = MyInfo.swift; sourceTree = "<group>"; };
		0AEAC2F92BDE222A0071FCBC /* Category.swift */ = {isa = PBXFileReference; lastKnownFileType = sourcecode.swift; path = Category.swift; sourceTree = "<group>"; };
		0AEAC2FB2BDE23CE0071FCBC /* Exercise.swift */ = {isa = PBXFileReference; lastKnownFileType = sourcecode.swift; path = Exercise.swift; sourceTree = "<group>"; };
		0AEAC2FD2BDE24300071FCBC /* RealmManager.swift */ = {isa = PBXFileReference; lastKnownFileType = sourcecode.swift; path = RealmManager.swift; sourceTree = "<group>"; };
		0AEAC2FF2BDE26A20071FCBC /* MealManager.swift */ = {isa = PBXFileReference; lastKnownFileType = sourcecode.swift; path = MealManager.swift; sourceTree = "<group>"; };
		0AEAC3012BDE28300071FCBC /* MyInfoManager.swift */ = {isa = PBXFileReference; lastKnownFileType = sourcecode.swift; path = MyInfoManager.swift; sourceTree = "<group>"; };
		0AEAC3032BDE2CFA0071FCBC /* CategoryManager.swift */ = {isa = PBXFileReference; lastKnownFileType = sourcecode.swift; path = CategoryManager.swift; sourceTree = "<group>"; };
		0AEAC3052BDE303C0071FCBC /* ExerciseManager.swift */ = {isa = PBXFileReference; lastKnownFileType = sourcecode.swift; path = ExerciseManager.swift; sourceTree = "<group>"; };
		0AEAC30D2BDE39320071FCBC /* SignInViewModel.swift */ = {isa = PBXFileReference; lastKnownFileType = sourcecode.swift; path = SignInViewModel.swift; sourceTree = "<group>"; };
		0AEAC3112BDE6EC10071FCBC /* UserInfoManager.swift */ = {isa = PBXFileReference; lastKnownFileType = sourcecode.swift; path = UserInfoManager.swift; sourceTree = "<group>"; };
		0AEAC3132BDE96F60071FCBC /* MyInfoViewModel.swift */ = {isa = PBXFileReference; lastKnownFileType = sourcecode.swift; path = MyInfoViewModel.swift; sourceTree = "<group>"; };
		0AEAC3152BDF8C1C0071FCBC /* SaveMyInfoViewController.swift */ = {isa = PBXFileReference; lastKnownFileType = sourcecode.swift; path = SaveMyInfoViewController.swift; sourceTree = "<group>"; };
		0AEAC3172BDF95780071FCBC /* DateFormmater+Extension.swift */ = {isa = PBXFileReference; lastKnownFileType = sourcecode.swift; path = "DateFormmater+Extension.swift"; sourceTree = "<group>"; };
		0AEAC3192BDFA7E00071FCBC /* SaveMyInfoViewModel.swift */ = {isa = PBXFileReference; lastKnownFileType = sourcecode.swift; path = SaveMyInfoViewModel.swift; sourceTree = "<group>"; };
		0AEAC31B2BE09FA30071FCBC /* MealEditViewModel.swift */ = {isa = PBXFileReference; lastKnownFileType = sourcecode.swift; path = MealEditViewModel.swift; sourceTree = "<group>"; };
		0AEAC31D2BE0AD4D0071FCBC /* ImageFileManager.swift */ = {isa = PBXFileReference; lastKnownFileType = sourcecode.swift; path = ImageFileManager.swift; sourceTree = "<group>"; };
		0AEAC31F2BE0D9D90071FCBC /* MealViewModel.swift */ = {isa = PBXFileReference; lastKnownFileType = sourcecode.swift; path = MealViewModel.swift; sourceTree = "<group>"; };
		0AEAC3232BE1CD8C0071FCBC /* MealEditView.swift */ = {isa = PBXFileReference; lastKnownFileType = sourcecode.swift; path = MealEditView.swift; sourceTree = "<group>"; };
		0AEAC3252BE1D96A0071FCBC /* MealCreateEditViewController.swift */ = {isa = PBXFileReference; lastKnownFileType = sourcecode.swift; path = MealCreateEditViewController.swift; sourceTree = "<group>"; };
		0AEAC3272BE1E0240071FCBC /* MealReadAndModifyEditViewController.swift */ = {isa = PBXFileReference; lastKnownFileType = sourcecode.swift; path = MealReadAndModifyEditViewController.swift; sourceTree = "<group>"; };
		0AEAC3292BE212360071FCBC /* CategoryViewModel.swift */ = {isa = PBXFileReference; lastKnownFileType = sourcecode.swift; path = CategoryViewModel.swift; sourceTree = "<group>"; };
		0AEAC32B2BE35E7B0071FCBC /* ExerciseEditViewModel.swift */ = {isa = PBXFileReference; lastKnownFileType = sourcecode.swift; path = ExerciseEditViewModel.swift; sourceTree = "<group>"; };
/* End PBXFileReference section */

/* Begin PBXFrameworksBuildPhase section */
		0AEAC27A2BD7DE860071FCBC /* Frameworks */ = {
			isa = PBXFrameworksBuildPhase;
			buildActionMask = 2147483647;
			files = (
				0AEAC30C2BDE38140071FCBC /* RxSwift in Frameworks */,
				0AEAC2F32BDE202E0071FCBC /* RealmSwift in Frameworks */,
				0AEAC2F12BDE202E0071FCBC /* Realm in Frameworks */,
				0AEAC30A2BDE38140071FCBC /* RxCocoa in Frameworks */,
				0AEAC2CA2BD8E00D0071FCBC /* SnapKit in Frameworks */,
				0A16C59D2BE4F1BD006E5308 /* RxAlamofire in Frameworks */,
				0AEAC2D72BD8FC4E0071FCBC /* FSCalendar in Frameworks */,
			);
			runOnlyForDeploymentPostprocessing = 0;
		};
/* End PBXFrameworksBuildPhase section */

/* Begin PBXGroup section */
		0A2FA9E72BDC81C20065BDCF /* Cells */ = {
			isa = PBXGroup;
			children = (
				0A2FA9E82BDC81DB0065BDCF /* RecentWordCollectionViewCell.swift */,
			);
			path = Cells;
			sourceTree = "<group>";
		};
		0AEAC2742BD7DE860071FCBC = {
			isa = PBXGroup;
			children = (
				0AEAC27F2BD7DE860071FCBC /* DietLog-MVVM */,
				0AEAC27E2BD7DE860071FCBC /* Products */,
			);
			sourceTree = "<group>";
		};
		0AEAC27E2BD7DE860071FCBC /* Products */ = {
			isa = PBXGroup;
			children = (
				0AEAC27D2BD7DE860071FCBC /* DietLog-MVVM.app */,
			);
			name = Products;
			sourceTree = "<group>";
		};
		0AEAC27F2BD7DE860071FCBC /* DietLog-MVVM */ = {
			isa = PBXGroup;
			children = (
				0AEAC2952BD7E6E20071FCBC /* Model */,
				0AEAC2982BD7E6F60071FCBC /* ViewModel */,
				0AEAC2992BD7E6FE0071FCBC /* View */,
				0AEAC29B2BD7E7100071FCBC /* Global */,
				0AEAC2942BD7E6C90071FCBC /* Application */,
			);
			path = "DietLog-MVVM";
			sourceTree = "<group>";
		};
		0AEAC2942BD7E6C90071FCBC /* Application */ = {
			isa = PBXGroup;
			children = (
				0A16C5A12BE4FC66006E5308 /* YoutubeAPIKey.xcconfig */,
				0AEAC28E2BD7DE860071FCBC /* Info.plist */,
				0AEAC2802BD7DE860071FCBC /* AppDelegate.swift */,
				0AEAC2822BD7DE860071FCBC /* SceneDelegate.swift */,
			);
			path = Application;
			sourceTree = "<group>";
		};
		0AEAC2952BD7E6E20071FCBC /* Model */ = {
			isa = PBXGroup;
			children = (
				0AEAC2F42BDE20980071FCBC /* Model */,
				0AEAC2962BD7E6E60071FCBC /* ModelManager */,
				0AEAC3102BDE6E8C0071FCBC /* Manager */,
				0AEAC2972BD7E6ED0071FCBC /* NetworkService */,
			);
			path = Model;
			sourceTree = "<group>";
		};
		0AEAC2962BD7E6E60071FCBC /* ModelManager */ = {
			isa = PBXGroup;
			children = (
				0AEAC2FD2BDE24300071FCBC /* RealmManager.swift */,
				0AEAC2FF2BDE26A20071FCBC /* MealManager.swift */,
				0AEAC3012BDE28300071FCBC /* MyInfoManager.swift */,
				0AEAC3032BDE2CFA0071FCBC /* CategoryManager.swift */,
				0AEAC3052BDE303C0071FCBC /* ExerciseManager.swift */,
			);
			path = ModelManager;
			sourceTree = "<group>";
		};
		0AEAC2972BD7E6ED0071FCBC /* NetworkService */ = {
			isa = PBXGroup;
			children = (
				0A16C59F2BE4FB2E006E5308 /* YoutubeService.swift */,
			);
			path = NetworkService;
			sourceTree = "<group>";
		};
		0AEAC2982BD7E6F60071FCBC /* ViewModel */ = {
			isa = PBXGroup;
			children = (
				0AEAC30D2BDE39320071FCBC /* SignInViewModel.swift */,
				0AEAC3132BDE96F60071FCBC /* MyInfoViewModel.swift */,
				0AEAC3192BDFA7E00071FCBC /* SaveMyInfoViewModel.swift */,
				0AEAC31B2BE09FA30071FCBC /* MealEditViewModel.swift */,
				0AEAC31F2BE0D9D90071FCBC /* MealViewModel.swift */,
				0AEAC3292BE212360071FCBC /* CategoryViewModel.swift */,
				0AEAC32B2BE35E7B0071FCBC /* ExerciseEditViewModel.swift */,
				0A16C5912BE4B9AF006E5308 /* SelectCategoryViewModel.swift */,
			);
			path = ViewModel;
			sourceTree = "<group>";
		};
		0AEAC2992BD7E6FE0071FCBC /* View */ = {
			isa = PBXGroup;
			children = (
				0AEAC2A72BD8C9660071FCBC /* Serach */,
				0AEAC2A62BD8C9550071FCBC /* Exercise */,
				0AEAC2A52BD8C9460071FCBC /* Category */,
				0AEAC2A42BD8C9420071FCBC /* Meal */,
				0AEAC2A32BD8C93A0071FCBC /* MyInfo */,
				0AEAC2A22BD8C92C0071FCBC /* SignIn */,
				0AEAC29A2BD7E7030071FCBC /* LaunchScreen */,
			);
			path = View;
			sourceTree = "<group>";
		};
		0AEAC29A2BD7E7030071FCBC /* LaunchScreen */ = {
			isa = PBXGroup;
			children = (
				0AEAC28B2BD7DE860071FCBC /* LaunchScreen.storyboard */,
			);
			path = LaunchScreen;
			sourceTree = "<group>";
		};
		0AEAC29B2BD7E7100071FCBC /* Global */ = {
			isa = PBXGroup;
			children = (
				0AEAC29C2BD7E7220071FCBC /* Resource */,
				0AEAC29F2BD7E73B0071FCBC /* Extension */,
				0AEAC2A02BD7E7410071FCBC /* Enum */,
				0AEAC2A12BD7E7450071FCBC /* Base */,
			);
			path = Global;
			sourceTree = "<group>";
		};
		0AEAC29C2BD7E7220071FCBC /* Resource */ = {
			isa = PBXGroup;
			children = (
				0AEAC29E2BD7E7300071FCBC /* Image */,
				0AEAC29D2BD7E72C0071FCBC /* Font */,
			);
			path = Resource;
			sourceTree = "<group>";
		};
		0AEAC29D2BD7E72C0071FCBC /* Font */ = {
			isa = PBXGroup;
			children = (
				0AEAC2BF2BD8CC8F0071FCBC /* LINESeedKR-Bd.otf */,
				0AEAC2BE2BD8CC8F0071FCBC /* LINESeedKR-Rg.otf */,
			);
			path = Font;
			sourceTree = "<group>";
		};
		0AEAC29E2BD7E7300071FCBC /* Image */ = {
			isa = PBXGroup;
			children = (
				0AEAC2892BD7DE860071FCBC /* Assets.xcassets */,
			);
			path = Image;
			sourceTree = "<group>";
		};
		0AEAC29F2BD7E73B0071FCBC /* Extension */ = {
			isa = PBXGroup;
			children = (
				0AEAC2C22BD8D00B0071FCBC /* UIColor+Extension.swift */,
				0AEAC2C42BD8D3510071FCBC /* UIFont+Extension.swift */,
				0AEAC2CB2BD8E2C60071FCBC /* UILable+Extension.swift */,
				0AEAC2CD2BD8E49C0071FCBC /* UIView+Extension.swift */,
				0AEAC2D12BD8ED630071FCBC /* UITextField+Extension.swift */,
				0AEAC2D32BD8EFCE0071FCBC /* UIButton+Extension.swift */,
				0AEAC2D82BD902790071FCBC /* FSCalendarView+Extension.swift */,
				0A2FA9EA2BDC8D8F0065BDCF /* UISegmentControl+Extension.swift */,
				0AEAC3172BDF95780071FCBC /* DateFormmater+Extension.swift */,
			);
			path = Extension;
			sourceTree = "<group>";
		};
		0AEAC2A02BD7E7410071FCBC /* Enum */ = {
			isa = PBXGroup;
			children = (
				0AEAC2CF2BD8EACA0071FCBC /* Padding.swift */,
				0AEAC2DA2BD9775D0071FCBC /* ComponentSize.swift */,
			);
			path = Enum;
			sourceTree = "<group>";
		};
		0AEAC2A12BD7E7450071FCBC /* Base */ = {
			isa = PBXGroup;
			children = (
				0AEAC2A82BD8C9850071FCBC /* TabBar */,
				0AEAC2C62BD8DDBE0071FCBC /* BaseViewController.swift */,
			);
			path = Base;
			sourceTree = "<group>";
		};
		0AEAC2A22BD8C92C0071FCBC /* SignIn */ = {
			isa = PBXGroup;
			children = (
				0AEAC2A92BD8C9EE0071FCBC /* SignInViewController.swift */,
			);
			path = SignIn;
			sourceTree = "<group>";
		};
		0AEAC2A32BD8C93A0071FCBC /* MyInfo */ = {
			isa = PBXGroup;
			children = (
				0AEAC2AC2BD8CA120071FCBC /* MyInfoViewController.swift */,
				0AEAC3152BDF8C1C0071FCBC /* SaveMyInfoViewController.swift */,
			);
			path = MyInfo;
			sourceTree = "<group>";
		};
		0AEAC2A42BD8C9420071FCBC /* Meal */ = {
			isa = PBXGroup;
			children = (
				0AEAC3222BE1CD700071FCBC /* View */,
				0AEAC3212BE1CD650071FCBC /* Controller */,
			);
			path = Meal;
			sourceTree = "<group>";
		};
		0AEAC2A52BD8C9460071FCBC /* Category */ = {
			isa = PBXGroup;
			children = (
				0AEAC2E12BDA270C0071FCBC /* Cells */,
				0AEAC2B22BD8CA4B0071FCBC /* CategoryViewController.swift */,
				0AEAC2B42BD8CA5F0071FCBC /* CategoryEditViewController.swift */,
			);
			path = Category;
			sourceTree = "<group>";
		};
		0AEAC2A62BD8C9550071FCBC /* Exercise */ = {
			isa = PBXGroup;
			children = (
				0AEAC2E42BDA51A90071FCBC /* Cells */,
				0AEAC2B62BD8CA770071FCBC /* ExerciseViewController.swift */,
				0AEAC2B82BD8CA890071FCBC /* ExerciseEditViewController.swift */,
				0AEAC2BA2BD8CAB00071FCBC /* ExerciseSelectCategoryViewController.swift */,
			);
			path = Exercise;
			sourceTree = "<group>";
		};
		0AEAC2A72BD8C9660071FCBC /* Serach */ = {
			isa = PBXGroup;
			children = (
				0A2FA9E72BDC81C20065BDCF /* Cells */,
				0AEAC2BC2BD8CAC10071FCBC /* SearchViewController.swift */,
			);
			path = Serach;
			sourceTree = "<group>";
		};
		0AEAC2A82BD8C9850071FCBC /* TabBar */ = {
			isa = PBXGroup;
			children = (
				0AEAC2842BD7DE860071FCBC /* TabBarViewController.swift */,
				0AEAC2DF2BDA0ED40071FCBC /* TabBarOption.swift */,
			);
			path = TabBar;
			sourceTree = "<group>";
		};
		0AEAC2DC2BD98CBC0071FCBC /* Cells */ = {
			isa = PBXGroup;
			children = (
				0AEAC2DD2BD98E460071FCBC /* MealsDataTableViewCell.swift */,
			);
			path = Cells;
			sourceTree = "<group>";
		};
		0AEAC2E12BDA270C0071FCBC /* Cells */ = {
			isa = PBXGroup;
			children = (
				0AEAC2E22BDA27260071FCBC /* CategoryCollectionViewCell.swift */,
			);
			path = Cells;
			sourceTree = "<group>";
		};
		0AEAC2E42BDA51A90071FCBC /* Cells */ = {
			isa = PBXGroup;
			children = (
				0AEAC2E52BDA51D30071FCBC /* ExerciseTableViewCell.swift */,
				0AEAC2ED2BDAC1040071FCBC /* ExerciseSelectCategoryTableViewCell.swift */,
			);
			path = Cells;
			sourceTree = "<group>";
		};
		0AEAC2F42BDE20980071FCBC /* Model */ = {
			isa = PBXGroup;
			children = (
				0AEAC2F52BDE20B70071FCBC /* Meal.swift */,
				0AEAC2F72BDE21D70071FCBC /* MyInfo.swift */,
				0AEAC2F92BDE222A0071FCBC /* Category.swift */,
				0AEAC2FB2BDE23CE0071FCBC /* Exercise.swift */,
			);
			path = Model;
			sourceTree = "<group>";
		};
		0AEAC3102BDE6E8C0071FCBC /* Manager */ = {
			isa = PBXGroup;
			children = (
				0AEAC3112BDE6EC10071FCBC /* UserInfoManager.swift */,
				0AEAC31D2BE0AD4D0071FCBC /* ImageFileManager.swift */,
			);
			path = Manager;
			sourceTree = "<group>";
		};
		0AEAC3212BE1CD650071FCBC /* Controller */ = {
			isa = PBXGroup;
			children = (
				0AEAC2AE2BD8CA2F0071FCBC /* MealViewController.swift */,
				0AEAC2B02BD8CA3E0071FCBC /* MealEditViewController.swift */,
				0AEAC3252BE1D96A0071FCBC /* MealCreateEditViewController.swift */,
				0AEAC3272BE1E0240071FCBC /* MealReadAndModifyEditViewController.swift */,
			);
			path = Controller;
			sourceTree = "<group>";
		};
		0AEAC3222BE1CD700071FCBC /* View */ = {
			isa = PBXGroup;
			children = (
				0AEAC2DC2BD98CBC0071FCBC /* Cells */,
				0AEAC3232BE1CD8C0071FCBC /* MealEditView.swift */,
			);
			path = View;
			sourceTree = "<group>";
		};
/* End PBXGroup section */

/* Begin PBXNativeTarget section */
		0AEAC27C2BD7DE860071FCBC /* DietLog-MVVM */ = {
			isa = PBXNativeTarget;
			buildConfigurationList = 0AEAC2912BD7DE860071FCBC /* Build configuration list for PBXNativeTarget "DietLog-MVVM" */;
			buildPhases = (
				0AEAC2792BD7DE860071FCBC /* Sources */,
				0AEAC27A2BD7DE860071FCBC /* Frameworks */,
				0AEAC27B2BD7DE860071FCBC /* Resources */,
			);
			buildRules = (
			);
			dependencies = (
			);
			name = "DietLog-MVVM";
			packageProductDependencies = (
				0AEAC2C92BD8E00D0071FCBC /* SnapKit */,
				0AEAC2D62BD8FC4E0071FCBC /* FSCalendar */,
				0AEAC2F02BDE202E0071FCBC /* Realm */,
				0AEAC2F22BDE202E0071FCBC /* RealmSwift */,
				0AEAC3092BDE38140071FCBC /* RxCocoa */,
				0AEAC30B2BDE38140071FCBC /* RxSwift */,
				0A16C59C2BE4F1BD006E5308 /* RxAlamofire */,
			);
			productName = "DietLog-MVVM";
			productReference = 0AEAC27D2BD7DE860071FCBC /* DietLog-MVVM.app */;
			productType = "com.apple.product-type.application";
		};
/* End PBXNativeTarget section */

/* Begin PBXProject section */
		0AEAC2752BD7DE860071FCBC /* Project object */ = {
			isa = PBXProject;
			attributes = {
				BuildIndependentTargetsInParallel = 1;
				LastSwiftUpdateCheck = 1430;
				LastUpgradeCheck = 1430;
				TargetAttributes = {
					0AEAC27C2BD7DE860071FCBC = {
						CreatedOnToolsVersion = 14.3.1;
					};
				};
			};
			buildConfigurationList = 0AEAC2782BD7DE860071FCBC /* Build configuration list for PBXProject "DietLog-MVVM" */;
			compatibilityVersion = "Xcode 14.0";
			developmentRegion = en;
			hasScannedForEncodings = 0;
			knownRegions = (
				en,
				Base,
			);
			mainGroup = 0AEAC2742BD7DE860071FCBC;
			packageReferences = (
				0AEAC2C82BD8E00D0071FCBC /* XCRemoteSwiftPackageReference "SnapKit" */,
				0AEAC2D52BD8FC4E0071FCBC /* XCRemoteSwiftPackageReference "FSCalendar" */,
				0AEAC2EF2BDE202E0071FCBC /* XCRemoteSwiftPackageReference "realm-swift" */,
				0AEAC3082BDE38140071FCBC /* XCRemoteSwiftPackageReference "RxSwift" */,
				0A16C59B2BE4F1BD006E5308 /* XCRemoteSwiftPackageReference "RxAlamofire" */,
			);
			productRefGroup = 0AEAC27E2BD7DE860071FCBC /* Products */;
			projectDirPath = "";
			projectRoot = "";
			targets = (
				0AEAC27C2BD7DE860071FCBC /* DietLog-MVVM */,
			);
		};
/* End PBXProject section */

/* Begin PBXResourcesBuildPhase section */
		0AEAC27B2BD7DE860071FCBC /* Resources */ = {
			isa = PBXResourcesBuildPhase;
			buildActionMask = 2147483647;
			files = (
				0AEAC2C02BD8CC8F0071FCBC /* LINESeedKR-Rg.otf in Resources */,
				0AEAC2C12BD8CC8F0071FCBC /* LINESeedKR-Bd.otf in Resources */,
				0A16C5A22BE4FC66006E5308 /* YoutubeAPIKey.xcconfig in Resources */,
				0AEAC28D2BD7DE860071FCBC /* LaunchScreen.storyboard in Resources */,
				0AEAC28A2BD7DE860071FCBC /* Assets.xcassets in Resources */,
			);
			runOnlyForDeploymentPostprocessing = 0;
		};
/* End PBXResourcesBuildPhase section */

/* Begin PBXSourcesBuildPhase section */
		0AEAC2792BD7DE860071FCBC /* Sources */ = {
			isa = PBXSourcesBuildPhase;
			buildActionMask = 2147483647;
			files = (
				0AEAC2AA2BD8C9EE0071FCBC /* SignInViewController.swift in Sources */,
				0AEAC2B52BD8CA5F0071FCBC /* CategoryEditViewController.swift in Sources */,
				0AEAC2D02BD8EACA0071FCBC /* Padding.swift in Sources */,
				0AEAC3022BDE28300071FCBC /* MyInfoManager.swift in Sources */,
				0AEAC2B12BD8CA3E0071FCBC /* MealEditViewController.swift in Sources */,
				0AEAC2C52BD8D3510071FCBC /* UIFont+Extension.swift in Sources */,
				0A2FA9E92BDC81DB0065BDCF /* RecentWordCollectionViewCell.swift in Sources */,
				0AEAC2D22BD8ED630071FCBC /* UITextField+Extension.swift in Sources */,
				0AEAC32C2BE35E7B0071FCBC /* ExerciseEditViewModel.swift in Sources */,
				0AEAC2E32BDA27260071FCBC /* CategoryCollectionViewCell.swift in Sources */,
				0AEAC2DE2BD98E460071FCBC /* MealsDataTableViewCell.swift in Sources */,
				0AEAC2DB2BD9775D0071FCBC /* ComponentSize.swift in Sources */,
				0AEAC3202BE0D9D90071FCBC /* MealViewModel.swift in Sources */,
				0AEAC2852BD7DE860071FCBC /* TabBarViewController.swift in Sources */,
				0AEAC3182BDF95780071FCBC /* DateFormmater+Extension.swift in Sources */,
				0A2FA9EB2BDC8D8F0065BDCF /* UISegmentControl+Extension.swift in Sources */,
				0AEAC2D92BD902790071FCBC /* FSCalendarView+Extension.swift in Sources */,
				0AEAC31E2BE0AD4D0071FCBC /* ImageFileManager.swift in Sources */,
				0AEAC3242BE1CD8C0071FCBC /* MealEditView.swift in Sources */,
				0AEAC2F82BDE21D70071FCBC /* MyInfo.swift in Sources */,
				0AEAC31C2BE09FA30071FCBC /* MealEditViewModel.swift in Sources */,
				0AEAC3062BDE303C0071FCBC /* ExerciseManager.swift in Sources */,
				0AEAC31A2BDFA7E00071FCBC /* SaveMyInfoViewModel.swift in Sources */,
				0AEAC2CC2BD8E2C60071FCBC /* UILable+Extension.swift in Sources */,
				0AEAC3262BE1D96A0071FCBC /* MealCreateEditViewController.swift in Sources */,
				0AEAC2AD2BD8CA120071FCBC /* MyInfoViewController.swift in Sources */,
				0AEAC2FE2BDE24300071FCBC /* RealmManager.swift in Sources */,
				0AEAC2E02BDA0ED40071FCBC /* TabBarOption.swift in Sources */,
				0AEAC3122BDE6EC10071FCBC /* UserInfoManager.swift in Sources */,
				0AEAC2EE2BDAC1040071FCBC /* ExerciseSelectCategoryTableViewCell.swift in Sources */,
				0AEAC3282BE1E0240071FCBC /* MealReadAndModifyEditViewController.swift in Sources */,
				0AEAC2B32BD8CA4B0071FCBC /* CategoryViewController.swift in Sources */,
				0AEAC3142BDE96F60071FCBC /* MyInfoViewModel.swift in Sources */,
				0AEAC2F62BDE20B70071FCBC /* Meal.swift in Sources */,
				0AEAC2E62BDA51D30071FCBC /* ExerciseTableViewCell.swift in Sources */,
				0AEAC2FA2BDE222A0071FCBC /* Category.swift in Sources */,
				0AEAC2BB2BD8CAB00071FCBC /* ExerciseSelectCategoryViewController.swift in Sources */,
				0AEAC2FC2BDE23CE0071FCBC /* Exercise.swift in Sources */,
				0AEAC2B72BD8CA770071FCBC /* ExerciseViewController.swift in Sources */,
				0A16C5A02BE4FB2E006E5308 /* YoutubeService.swift in Sources */,
				0AEAC2BD2BD8CAC10071FCBC /* SearchViewController.swift in Sources */,
				0AEAC3162BDF8C1C0071FCBC /* SaveMyInfoViewController.swift in Sources */,
				0AEAC2C32BD8D00B0071FCBC /* UIColor+Extension.swift in Sources */,
				0AEAC2CE2BD8E49C0071FCBC /* UIView+Extension.swift in Sources */,
				0A16C5922BE4B9AF006E5308 /* SelectCategoryViewModel.swift in Sources */,
				0AEAC2B92BD8CA890071FCBC /* ExerciseEditViewController.swift in Sources */,
				0AEAC2812BD7DE860071FCBC /* AppDelegate.swift in Sources */,
				0AEAC30E2BDE39320071FCBC /* SignInViewModel.swift in Sources */,
				0AEAC32A2BE212360071FCBC /* CategoryViewModel.swift in Sources */,
				0AEAC2C72BD8DDBE0071FCBC /* BaseViewController.swift in Sources */,
				0AEAC2832BD7DE860071FCBC /* SceneDelegate.swift in Sources */,
				0AEAC3042BDE2CFA0071FCBC /* CategoryManager.swift in Sources */,
				0AEAC3002BDE26A20071FCBC /* MealManager.swift in Sources */,
				0AEAC2AF2BD8CA2F0071FCBC /* MealViewController.swift in Sources */,
				0AEAC2D42BD8EFCE0071FCBC /* UIButton+Extension.swift in Sources */,
			);
			runOnlyForDeploymentPostprocessing = 0;
		};
/* End PBXSourcesBuildPhase section */

/* Begin PBXVariantGroup section */
		0AEAC28B2BD7DE860071FCBC /* LaunchScreen.storyboard */ = {
			isa = PBXVariantGroup;
			children = (
				0AEAC28C2BD7DE860071FCBC /* Base */,
			);
			name = LaunchScreen.storyboard;
			sourceTree = "<group>";
		};
/* End PBXVariantGroup section */

/* Begin XCBuildConfiguration section */
		0AEAC28F2BD7DE860071FCBC /* Debug */ = {
			isa = XCBuildConfiguration;
			buildSettings = {
				ALWAYS_SEARCH_USER_PATHS = NO;
				CLANG_ANALYZER_NONNULL = YES;
				CLANG_ANALYZER_NUMBER_OBJECT_CONVERSION = YES_AGGRESSIVE;
				CLANG_CXX_LANGUAGE_STANDARD = "gnu++20";
				CLANG_ENABLE_MODULES = YES;
				CLANG_ENABLE_OBJC_ARC = YES;
				CLANG_ENABLE_OBJC_WEAK = YES;
				CLANG_WARN_BLOCK_CAPTURE_AUTORELEASING = YES;
				CLANG_WARN_BOOL_CONVERSION = YES;
				CLANG_WARN_COMMA = YES;
				CLANG_WARN_CONSTANT_CONVERSION = YES;
				CLANG_WARN_DEPRECATED_OBJC_IMPLEMENTATIONS = YES;
				CLANG_WARN_DIRECT_OBJC_ISA_USAGE = YES_ERROR;
				CLANG_WARN_DOCUMENTATION_COMMENTS = YES;
				CLANG_WARN_EMPTY_BODY = YES;
				CLANG_WARN_ENUM_CONVERSION = YES;
				CLANG_WARN_INFINITE_RECURSION = YES;
				CLANG_WARN_INT_CONVERSION = YES;
				CLANG_WARN_NON_LITERAL_NULL_CONVERSION = YES;
				CLANG_WARN_OBJC_IMPLICIT_RETAIN_SELF = YES;
				CLANG_WARN_OBJC_LITERAL_CONVERSION = YES;
				CLANG_WARN_OBJC_ROOT_CLASS = YES_ERROR;
				CLANG_WARN_QUOTED_INCLUDE_IN_FRAMEWORK_HEADER = YES;
				CLANG_WARN_RANGE_LOOP_ANALYSIS = YES;
				CLANG_WARN_STRICT_PROTOTYPES = YES;
				CLANG_WARN_SUSPICIOUS_MOVE = YES;
				CLANG_WARN_UNGUARDED_AVAILABILITY = YES_AGGRESSIVE;
				CLANG_WARN_UNREACHABLE_CODE = YES;
				CLANG_WARN__DUPLICATE_METHOD_MATCH = YES;
				COPY_PHASE_STRIP = NO;
				DEBUG_INFORMATION_FORMAT = dwarf;
				ENABLE_STRICT_OBJC_MSGSEND = YES;
				ENABLE_TESTABILITY = YES;
				GCC_C_LANGUAGE_STANDARD = gnu11;
				GCC_DYNAMIC_NO_PIC = NO;
				GCC_NO_COMMON_BLOCKS = YES;
				GCC_OPTIMIZATION_LEVEL = 0;
				GCC_PREPROCESSOR_DEFINITIONS = (
					"DEBUG=1",
					"$(inherited)",
				);
				GCC_WARN_64_TO_32_BIT_CONVERSION = YES;
				GCC_WARN_ABOUT_RETURN_TYPE = YES_ERROR;
				GCC_WARN_UNDECLARED_SELECTOR = YES;
				GCC_WARN_UNINITIALIZED_AUTOS = YES_AGGRESSIVE;
				GCC_WARN_UNUSED_FUNCTION = YES;
				GCC_WARN_UNUSED_VARIABLE = YES;
				IPHONEOS_DEPLOYMENT_TARGET = 16.4;
				MTL_ENABLE_DEBUG_INFO = INCLUDE_SOURCE;
				MTL_FAST_MATH = YES;
				ONLY_ACTIVE_ARCH = YES;
				SDKROOT = iphoneos;
				SWIFT_ACTIVE_COMPILATION_CONDITIONS = DEBUG;
				SWIFT_OPTIMIZATION_LEVEL = "-Onone";
			};
			name = Debug;
		};
		0AEAC2902BD7DE860071FCBC /* Release */ = {
			isa = XCBuildConfiguration;
			buildSettings = {
				ALWAYS_SEARCH_USER_PATHS = NO;
				CLANG_ANALYZER_NONNULL = YES;
				CLANG_ANALYZER_NUMBER_OBJECT_CONVERSION = YES_AGGRESSIVE;
				CLANG_CXX_LANGUAGE_STANDARD = "gnu++20";
				CLANG_ENABLE_MODULES = YES;
				CLANG_ENABLE_OBJC_ARC = YES;
				CLANG_ENABLE_OBJC_WEAK = YES;
				CLANG_WARN_BLOCK_CAPTURE_AUTORELEASING = YES;
				CLANG_WARN_BOOL_CONVERSION = YES;
				CLANG_WARN_COMMA = YES;
				CLANG_WARN_CONSTANT_CONVERSION = YES;
				CLANG_WARN_DEPRECATED_OBJC_IMPLEMENTATIONS = YES;
				CLANG_WARN_DIRECT_OBJC_ISA_USAGE = YES_ERROR;
				CLANG_WARN_DOCUMENTATION_COMMENTS = YES;
				CLANG_WARN_EMPTY_BODY = YES;
				CLANG_WARN_ENUM_CONVERSION = YES;
				CLANG_WARN_INFINITE_RECURSION = YES;
				CLANG_WARN_INT_CONVERSION = YES;
				CLANG_WARN_NON_LITERAL_NULL_CONVERSION = YES;
				CLANG_WARN_OBJC_IMPLICIT_RETAIN_SELF = YES;
				CLANG_WARN_OBJC_LITERAL_CONVERSION = YES;
				CLANG_WARN_OBJC_ROOT_CLASS = YES_ERROR;
				CLANG_WARN_QUOTED_INCLUDE_IN_FRAMEWORK_HEADER = YES;
				CLANG_WARN_RANGE_LOOP_ANALYSIS = YES;
				CLANG_WARN_STRICT_PROTOTYPES = YES;
				CLANG_WARN_SUSPICIOUS_MOVE = YES;
				CLANG_WARN_UNGUARDED_AVAILABILITY = YES_AGGRESSIVE;
				CLANG_WARN_UNREACHABLE_CODE = YES;
				CLANG_WARN__DUPLICATE_METHOD_MATCH = YES;
				COPY_PHASE_STRIP = NO;
				DEBUG_INFORMATION_FORMAT = "dwarf-with-dsym";
				ENABLE_NS_ASSERTIONS = NO;
				ENABLE_STRICT_OBJC_MSGSEND = YES;
				GCC_C_LANGUAGE_STANDARD = gnu11;
				GCC_NO_COMMON_BLOCKS = YES;
				GCC_WARN_64_TO_32_BIT_CONVERSION = YES;
				GCC_WARN_ABOUT_RETURN_TYPE = YES_ERROR;
				GCC_WARN_UNDECLARED_SELECTOR = YES;
				GCC_WARN_UNINITIALIZED_AUTOS = YES_AGGRESSIVE;
				GCC_WARN_UNUSED_FUNCTION = YES;
				GCC_WARN_UNUSED_VARIABLE = YES;
				IPHONEOS_DEPLOYMENT_TARGET = 16.4;
				MTL_ENABLE_DEBUG_INFO = NO;
				MTL_FAST_MATH = YES;
				SDKROOT = iphoneos;
				SWIFT_COMPILATION_MODE = wholemodule;
				SWIFT_OPTIMIZATION_LEVEL = "-O";
				VALIDATE_PRODUCT = YES;
			};
			name = Release;
		};
		0AEAC2922BD7DE860071FCBC /* Debug */ = {
			isa = XCBuildConfiguration;
			baseConfigurationReference = 0A16C5A12BE4FC66006E5308 /* YoutubeAPIKey.xcconfig */;
			buildSettings = {
				ASSETCATALOG_COMPILER_APPICON_NAME = AppIcon;
				ASSETCATALOG_COMPILER_GLOBAL_ACCENT_COLOR_NAME = AccentColor;
				CODE_SIGN_STYLE = Automatic;
				CURRENT_PROJECT_VERSION = 1;
				DEVELOPMENT_TEAM = 7TA3LDAD85;
				GENERATE_INFOPLIST_FILE = YES;
				INFOPLIST_FILE = "DietLog-MVVM/Application/Info.plist";
				INFOPLIST_KEY_UIApplicationSupportsIndirectInputEvents = YES;
				INFOPLIST_KEY_UILaunchStoryboardName = LaunchScreen;
				INFOPLIST_KEY_UISupportedInterfaceOrientations_iPad = "UIInterfaceOrientationPortrait UIInterfaceOrientationPortraitUpsideDown UIInterfaceOrientationLandscapeLeft UIInterfaceOrientationLandscapeRight";
				INFOPLIST_KEY_UISupportedInterfaceOrientations_iPhone = "UIInterfaceOrientationPortrait UIInterfaceOrientationLandscapeLeft UIInterfaceOrientationLandscapeRight";
				LD_RUNPATH_SEARCH_PATHS = (
					"$(inherited)",
					"@executable_path/Frameworks",
				);
				MARKETING_VERSION = 1.0;
				PRODUCT_BUNDLE_IDENTIFIER = "com.studyiOS.DietLog-MVVM";
				PRODUCT_NAME = "$(TARGET_NAME)";
				SWIFT_EMIT_LOC_STRINGS = YES;
				SWIFT_VERSION = 5.0;
				TARGETED_DEVICE_FAMILY = "1,2";
			};
			name = Debug;
		};
		0AEAC2932BD7DE860071FCBC /* Release */ = {
			isa = XCBuildConfiguration;
			baseConfigurationReference = 0A16C5A12BE4FC66006E5308 /* YoutubeAPIKey.xcconfig */;
			buildSettings = {
				ASSETCATALOG_COMPILER_APPICON_NAME = AppIcon;
				ASSETCATALOG_COMPILER_GLOBAL_ACCENT_COLOR_NAME = AccentColor;
				CODE_SIGN_STYLE = Automatic;
				CURRENT_PROJECT_VERSION = 1;
				DEVELOPMENT_TEAM = 7TA3LDAD85;
				GENERATE_INFOPLIST_FILE = YES;
				INFOPLIST_FILE = "DietLog-MVVM/Application/Info.plist";
				INFOPLIST_KEY_UIApplicationSupportsIndirectInputEvents = YES;
				INFOPLIST_KEY_UILaunchStoryboardName = LaunchScreen;
				INFOPLIST_KEY_UISupportedInterfaceOrientations_iPad = "UIInterfaceOrientationPortrait UIInterfaceOrientationPortraitUpsideDown UIInterfaceOrientationLandscapeLeft UIInterfaceOrientationLandscapeRight";
				INFOPLIST_KEY_UISupportedInterfaceOrientations_iPhone = "UIInterfaceOrientationPortrait UIInterfaceOrientationLandscapeLeft UIInterfaceOrientationLandscapeRight";
				LD_RUNPATH_SEARCH_PATHS = (
					"$(inherited)",
					"@executable_path/Frameworks",
				);
				MARKETING_VERSION = 1.0;
				PRODUCT_BUNDLE_IDENTIFIER = "com.studyiOS.DietLog-MVVM";
				PRODUCT_NAME = "$(TARGET_NAME)";
				SWIFT_EMIT_LOC_STRINGS = YES;
				SWIFT_VERSION = 5.0;
				TARGETED_DEVICE_FAMILY = "1,2";
			};
			name = Release;
		};
/* End XCBuildConfiguration section */

/* Begin XCConfigurationList section */
		0AEAC2782BD7DE860071FCBC /* Build configuration list for PBXProject "DietLog-MVVM" */ = {
			isa = XCConfigurationList;
			buildConfigurations = (
				0AEAC28F2BD7DE860071FCBC /* Debug */,
				0AEAC2902BD7DE860071FCBC /* Release */,
			);
			defaultConfigurationIsVisible = 0;
			defaultConfigurationName = Release;
		};
		0AEAC2912BD7DE860071FCBC /* Build configuration list for PBXNativeTarget "DietLog-MVVM" */ = {
			isa = XCConfigurationList;
			buildConfigurations = (
				0AEAC2922BD7DE860071FCBC /* Debug */,
				0AEAC2932BD7DE860071FCBC /* Release */,
			);
			defaultConfigurationIsVisible = 0;
			defaultConfigurationName = Release;
		};
/* End XCConfigurationList section */

/* Begin XCRemoteSwiftPackageReference section */
		0A16C59B2BE4F1BD006E5308 /* XCRemoteSwiftPackageReference "RxAlamofire" */ = {
			isa = XCRemoteSwiftPackageReference;
			repositoryURL = "https://github.com/RxSwiftCommunity/RxAlamofire.git";
			requirement = {
				kind = upToNextMajorVersion;
				minimumVersion = 6.1.0;
			};
		};
		0AEAC2C82BD8E00D0071FCBC /* XCRemoteSwiftPackageReference "SnapKit" */ = {
			isa = XCRemoteSwiftPackageReference;
			repositoryURL = "https://github.com/SnapKit/SnapKit.git";
			requirement = {
				kind = upToNextMajorVersion;
				minimumVersion = 5.0.0;
			};
		};
		0AEAC2D52BD8FC4E0071FCBC /* XCRemoteSwiftPackageReference "FSCalendar" */ = {
			isa = XCRemoteSwiftPackageReference;
			repositoryURL = "https://github.com/WenchaoD/FSCalendar.git";
			requirement = {
				kind = upToNextMajorVersion;
				minimumVersion = 2.0.0;
			};
		};
		0AEAC2EF2BDE202E0071FCBC /* XCRemoteSwiftPackageReference "realm-swift" */ = {
			isa = XCRemoteSwiftPackageReference;
			repositoryURL = "https://github.com/realm/realm-swift.git";
			requirement = {
				branch = master;
				kind = branch;
			};
		};
		0AEAC3082BDE38140071FCBC /* XCRemoteSwiftPackageReference "RxSwift" */ = {
			isa = XCRemoteSwiftPackageReference;
			repositoryURL = "https://github.com/ReactiveX/RxSwift.git";
			requirement = {
				kind = upToNextMajorVersion;
				minimumVersion = 6.0.0;
			};
		};
/* End XCRemoteSwiftPackageReference section */

/* Begin XCSwiftPackageProductDependency section */
		0A16C59C2BE4F1BD006E5308 /* RxAlamofire */ = {
			isa = XCSwiftPackageProductDependency;
			package = 0A16C59B2BE4F1BD006E5308 /* XCRemoteSwiftPackageReference "RxAlamofire" */;
			productName = RxAlamofire;
		};
		0AEAC2C92BD8E00D0071FCBC /* SnapKit */ = {
			isa = XCSwiftPackageProductDependency;
			package = 0AEAC2C82BD8E00D0071FCBC /* XCRemoteSwiftPackageReference "SnapKit" */;
			productName = SnapKit;
		};
		0AEAC2D62BD8FC4E0071FCBC /* FSCalendar */ = {
			isa = XCSwiftPackageProductDependency;
			package = 0AEAC2D52BD8FC4E0071FCBC /* XCRemoteSwiftPackageReference "FSCalendar" */;
			productName = FSCalendar;
		};
		0AEAC2F02BDE202E0071FCBC /* Realm */ = {
			isa = XCSwiftPackageProductDependency;
			package = 0AEAC2EF2BDE202E0071FCBC /* XCRemoteSwiftPackageReference "realm-swift" */;
			productName = Realm;
		};
		0AEAC2F22BDE202E0071FCBC /* RealmSwift */ = {
			isa = XCSwiftPackageProductDependency;
			package = 0AEAC2EF2BDE202E0071FCBC /* XCRemoteSwiftPackageReference "realm-swift" */;
			productName = RealmSwift;
		};
		0AEAC3092BDE38140071FCBC /* RxCocoa */ = {
			isa = XCSwiftPackageProductDependency;
			package = 0AEAC3082BDE38140071FCBC /* XCRemoteSwiftPackageReference "RxSwift" */;
			productName = RxCocoa;
		};
		0AEAC30B2BDE38140071FCBC /* RxSwift */ = {
			isa = XCSwiftPackageProductDependency;
			package = 0AEAC3082BDE38140071FCBC /* XCRemoteSwiftPackageReference "RxSwift" */;
			productName = RxSwift;
		};
/* End XCSwiftPackageProductDependency section */
	};
	rootObject = 0AEAC2752BD7DE860071FCBC /* Project object */;
}
